// !$*UTF8*$!
{
	archiveVersion = 1;
	classes = {
	};
	objectVersion = 50;
	objects = {

/* Begin PBXBuildFile section */
		BCFA208B26E9C9A800106416 /* AppDelegate.swift in Sources */ = {isa = PBXBuildFile; fileRef = BCFA208A26E9C9A800106416 /* AppDelegate.swift */; };
		BCFA208D26E9C9A800106416 /* SceneDelegate.swift in Sources */ = {isa = PBXBuildFile; fileRef = BCFA208C26E9C9A800106416 /* SceneDelegate.swift */; };
		BCFA208F26E9C9A800106416 /* ViewController.swift in Sources */ = {isa = PBXBuildFile; fileRef = BCFA208E26E9C9A800106416 /* ViewController.swift */; };
		BCFA209226E9C9A800106416 /* Main.storyboard in Resources */ = {isa = PBXBuildFile; fileRef = BCFA209026E9C9A800106416 /* Main.storyboard */; };
		BCFA209426E9C9A900106416 /* Assets.xcassets in Resources */ = {isa = PBXBuildFile; fileRef = BCFA209326E9C9A900106416 /* Assets.xcassets */; };
		BCFA209726E9C9A900106416 /* LaunchScreen.storyboard in Resources */ = {isa = PBXBuildFile; fileRef = BCFA209526E9C9A900106416 /* LaunchScreen.storyboard */; };
		BCFA20A126E9DAB200106416 /* homeVcClass.swift in Sources */ = {isa = PBXBuildFile; fileRef = BCFA20A026E9DAB200106416 /* homeVcClass.swift */; };
/* End PBXBuildFile section */

/* Begin PBXFileReference section */
		BCFA208726E9C9A800106416 /* login_page_8.app */ = {isa = PBXFileReference; explicitFileType = wrapper.application; includeInIndex = 0; path = login_page_8.app; sourceTree = BUILT_PRODUCTS_DIR; };
		BCFA208A26E9C9A800106416 /* AppDelegate.swift */ = {isa = PBXFileReference; lastKnownFileType = sourcecode.swift; path = AppDelegate.swift; sourceTree = "<group>"; };
		BCFA208C26E9C9A800106416 /* SceneDelegate.swift */ = {isa = PBXFileReference; lastKnownFileType = sourcecode.swift; path = SceneDelegate.swift; sourceTree = "<group>"; };
		BCFA208E26E9C9A800106416 /* ViewController.swift */ = {isa = PBXFileReference; lastKnownFileType = sourcecode.swift; path = ViewController.swift; sourceTree = "<group>"; };
		BCFA209126E9C9A800106416 /* Base */ = {isa = PBXFileReference; lastKnownFileType = file.storyboard; name = Base; path = Base.lproj/Main.storyboard; sourceTree = "<group>"; };
		BCFA209326E9C9A900106416 /* Assets.xcassets */ = {isa = PBXFileReference; lastKnownFileType = folder.assetcatalog; path = Assets.xcassets; sourceTree = "<group>"; };
		BCFA209626E9C9A900106416 /* Base */ = {isa = PBXFileReference; lastKnownFileType = file.storyboard; name = Base; path = Base.lproj/LaunchScreen.storyboard; sourceTree = "<group>"; };
		BCFA209826E9C9A900106416 /* Info.plist */ = {isa = PBXFileReference; lastKnownFileType = text.plist.xml; path = Info.plist; sourceTree = "<group>"; };
		BCFA20A026E9DAB200106416 /* homeVcClass.swift */ = {isa = PBXFileReference; lastKnownFileType = sourcecode.swift; path = homeVcClass.swift; sourceTree = "<group>"; };
/* End PBXFileReference section */

/* Begin PBXFrameworksBuildPhase section */
		BCFA208426E9C9A800106416 /* Frameworks */ = {
			isa = PBXFrameworksBuildPhase;
			buildActionMask = 2147483647;
			files = (
			);
			runOnlyForDeploymentPostprocessing = 0;
		};
/* End PBXFrameworksBuildPhase section */

/* Begin PBXGroup section */
		BCFA207E26E9C9A800106416 = {
			isa = PBXGroup;
			children = (
				BCFA208926E9C9A800106416 /* login_page_8 */,
				BCFA208826E9C9A800106416 /* Products */,
			);
			sourceTree = "<group>";
		};
		BCFA208826E9C9A800106416 /* Products */ = {
			isa = PBXGroup;
			children = (
				BCFA208726E9C9A800106416 /* login_page_8.app */,
			);
			name = Products;
			sourceTree = "<group>";
		};
		BCFA208926E9C9A800106416 /* login_page_8 */ = {
			isa = PBXGroup;
			children = (
				BCFA208A26E9C9A800106416 /* AppDelegate.swift */,
				BCFA208C26E9C9A800106416 /* SceneDelegate.swift */,
				BCFA208E26E9C9A800106416 /* ViewController.swift */,
				BCFA209026E9C9A800106416 /* Main.storyboard */,
				BCFA209326E9C9A900106416 /* Assets.xcassets */,
				BCFA20A026E9DAB200106416 /* homeVcClass.swift */,
				BCFA209526E9C9A900106416 /* LaunchScreen.storyboard */,
				BCFA209826E9C9A900106416 /* Info.plist */,
			);
			path = login_page_8;
			sourceTree = "<group>";
		};
/* End PBXGroup section */

/* Begin PBXNativeTarget section */
		BCFA208626E9C9A800106416 /* login_page_8 */ = {
			isa = PBXNativeTarget;
			buildConfigurationList = BCFA209B26E9C9A900106416 /* Build configuration list for PBXNativeTarget "login_page_8" */;
			buildPhases = (
				BCFA208326E9C9A800106416 /* Sources */,
				BCFA208426E9C9A800106416 /* Frameworks */,
				BCFA208526E9C9A800106416 /* Resources */,
			);
			buildRules = (
			);
			dependencies = (
			);
			name = login_page_8;
			productName = login_page_8;
			productReference = BCFA208726E9C9A800106416 /* login_page_8.app */;
			productType = "com.apple.product-type.application";
		};
/* End PBXNativeTarget section */

/* Begin PBXProject section */
		BCFA207F26E9C9A800106416 /* Project object */ = {
			isa = PBXProject;
			attributes = {
				LastSwiftUpdateCheck = 1250;
				LastUpgradeCheck = 1250;
				TargetAttributes = {
					BCFA208626E9C9A800106416 = {
						CreatedOnToolsVersion = 12.5.1;
					};
				};
			};
			buildConfigurationList = BCFA208226E9C9A800106416 /* Build configuration list for PBXProject "login_page_8" */;
			compatibilityVersion = "Xcode 9.3";
			developmentRegion = en;
			hasScannedForEncodings = 0;
			knownRegions = (
				en,
				Base,
			);
			mainGroup = BCFA207E26E9C9A800106416;
			productRefGroup = BCFA208826E9C9A800106416 /* Products */;
			projectDirPath = "";
			projectRoot = "";
			targets = (
				BCFA208626E9C9A800106416 /* login_page_8 */,
			);
		};
/* End PBXProject section */

/* Begin PBXResourcesBuildPhase section */
		BCFA208526E9C9A800106416 /* Resources */ = {
			isa = PBXResourcesBuildPhase;
			buildActionMask = 2147483647;
			files = (
				BCFA209726E9C9A900106416 /* LaunchScreen.storyboard in Resources */,
				BCFA209426E9C9A900106416 /* Assets.xcassets in Resources */,
				BCFA209226E9C9A800106416 /* Main.storyboard in Resources */,
			);
			runOnlyForDeploymentPostprocessing = 0;
		};
/* End PBXResourcesBuildPhase section */

/* Begin PBXSourcesBuildPhase section */
		BCFA208326E9C9A800106416 /* Sources */ = {
			isa = PBXSourcesBuildPhase;
			buildActionMask = 2147483647;
			files = (
				BCFA20A126E9DAB200106416 /* homeVcClass.swift in Sources */,
				BCFA208F26E9C9A800106416 /* ViewController.swift in Sources */,
				BCFA208B26E9C9A800106416 /* AppDelegate.swift in Sources */,
				BCFA208D26E9C9A800106416 /* SceneDelegate.swift in Sources */,
			);
			runOnlyForDeploymentPostprocessing = 0;
		};
/* End PBXSourcesBuildPhase section */

/* Begin PBXVariantGroup section */
		BCFA209026E9C9A800106416 /* Main.storyboard */ = {
			isa = PBXVariantGroup;
			children = (
				BCFA209126E9C9A800106416 /* Base */,
			);
			name = Main.storyboard;
			sourceTree = "<group>";
		};
		BCFA209526E9C9A900106416 /* LaunchScreen.storyboard */ = {
			isa = PBXVariantGroup;
			children = (
				BCFA209626E9C9A900106416 /* Base */,
			);
			name = LaunchScreen.storyboard;
			sourceTree = "<group>";
		};
/* End PBXVariantGroup section */

/* Begin XCBuildConfiguration section */
		BCFA209926E9C9A900106416 /* Debug */ = {
			isa = XCBuildConfiguration;
			buildSettings = {
				ALWAYS_SEARCH_USER_PATHS = NO;
				CLANG_ANALYZER_NONNULL = YES;
				CLANG_ANALYZER_NUMBER_OBJECT_CONVERSION = YES_AGGRESSIVE;
				CLANG_CXX_LANGUAGE_STANDARD = "gnu++14";
				CLANG_CXX_LIBRARY = "libc++";
				CLANG_ENABLE_MODULES = YES;
				CLANG_ENABLE_OBJC_ARC = YES;
				CLANG_ENABLE_OBJC_WEAK = YES;
				CLANG_WARN_BLOCK_CAPTURE_AUTORELEASING = YES;
				CLANG_WARN_BOOL_CONVERSION = YES;
				CLANG_WARN_COMMA = YES;
				CLANG_WARN_CONSTANT_CONVERSION = YES;
				CLANG_WARN_DEPRECATED_OBJC_IMPLEMENTATIONS = YES;
				CLANG_WARN_DIRECT_OBJC_ISA_USAGE = YES_ERROR;
				CLANG_WARN_DOCUMENTATION_COMMENTS = YES;
				CLANG_WARN_EMPTY_BODY = YES;
				CLANG_WARN_ENUM_CONVERSION = YES;
				CLANG_WARN_INFINITE_RECURSION = YES;
				CLANG_WARN_INT_CONVERSION = YES;
				CLANG_WARN_NON_LITERAL_NULL_CONVERSION = YES;
				CLANG_WARN_OBJC_IMPLICIT_RETAIN_SELF = YES;
				CLANG_WARN_OBJC_LITERAL_CONVERSION = YES;
				CLANG_WARN_OBJC_ROOT_CLASS = YES_ERROR;
				CLANG_WARN_QUOTED_INCLUDE_IN_FRAMEWORK_HEADER = YES;
				CLANG_WARN_RANGE_LOOP_ANALYSIS = YES;
				CLANG_WARN_STRICT_PROTOTYPES = YES;
				CLANG_WARN_SUSPICIOUS_MOVE = YES;
				CLANG_WARN_UNGUARDED_AVAILABILITY = YES_AGGRESSIVE;
				CLANG_WARN_UNREACHABLE_CODE = YES;
				CLANG_WARN__DUPLICATE_METHOD_MATCH = YES;
				COPY_PHASE_STRIP = NO;
				DEBUG_INFORMATION_FORMAT = dwarf;
				ENABLE_STRICT_OBJC_MSGSEND = YES;
				ENABLE_TESTABILITY = YES;
				GCC_C_LANGUAGE_STANDARD = gnu11;
				GCC_DYNAMIC_NO_PIC = NO;
				GCC_NO_COMMON_BLOCKS = YES;
				GCC_OPTIMIZATION_LEVEL = 0;
				GCC_PREPROCESSOR_DEFINITIONS = (
					"DEBUG=1",
					"$(inherited)",
				);
				GCC_WARN_64_TO_32_BIT_CONVERSION = YES;
				GCC_WARN_ABOUT_RETURN_TYPE = YES_ERROR;
				GCC_WARN_UNDECLARED_SELECTOR = YES;
				GCC_WARN_UNINITIALIZED_AUTOS = YES_AGGRESSIVE;
				GCC_WARN_UNUSED_FUNCTION = YES;
				GCC_WARN_UNUSED_VARIABLE = YES;
				IPHONEOS_DEPLOYMENT_TARGET = 14.5;
				MTL_ENABLE_DEBUG_INFO = INCLUDE_SOURCE;
				MTL_FAST_MATH = YES;
				ONLY_ACTIVE_ARCH = YES;
				SDKROOT = iphoneos;
				SWIFT_ACTIVE_COMPILATION_CONDITIONS = DEBUG;
				SWIFT_OPTIMIZATION_LEVEL = "-Onone";
			};
			name = Debug;
		};
		BCFA209A26E9C9A900106416 /* Release */ = {
			isa = XCBuildConfiguration;
			buildSettings = {
				ALWAYS_SEARCH_USER_PATHS = NO;
				CLANG_ANALYZER_NONNULL = YES;
				CLANG_ANALYZER_NUMBER_OBJECT_CONVERSION = YES_AGGRESSIVE;
				CLANG_CXX_LANGUAGE_STANDARD = "gnu++14";
				CLANG_CXX_LIBRARY = "libc++";
				CLANG_ENABLE_MODULES = YES;
				CLANG_ENABLE_OBJC_ARC = YES;
				CLANG_ENABLE_OBJC_WEAK = YES;
				CLANG_WARN_BLOCK_CAPTURE_AUTORELEASING = YES;
				CLANG_WARN_BOOL_CONVERSION = YES;
				CLANG_WARN_COMMA = YES;
				CLANG_WARN_CONSTANT_CONVERSION = YES;
				CLANG_WARN_DEPRECATED_OBJC_IMPLEMENTATIONS = YES;
				CLANG_WARN_DIRECT_OBJC_ISA_USAGE = YES_ERROR;
				CLANG_WARN_DOCUMENTATION_COMMENTS = YES;
				CLANG_WARN_EMPTY_BODY = YES;
				CLANG_WARN_ENUM_CONVERSION = YES;
				CLANG_WARN_INFINITE_RECURSION = YES;
				CLANG_WARN_INT_CONVERSION = YES;
				CLANG_WARN_NON_LITERAL_NULL_CONVERSION = YES;
				CLANG_WARN_OBJC_IMPLICIT_RETAIN_SELF = YES;
				CLANG_WARN_OBJC_LITERAL_CONVERSION = YES;
				CLANG_WARN_OBJC_ROOT_CLASS = YES_ERROR;
				CLANG_WARN_QUOTED_INCLUDE_IN_FRAMEWORK_HEADER = YES;
				CLANG_WARN_RANGE_LOOP_ANALYSIS = YES;
				CLANG_WARN_STRICT_PROTOTYPES = YES;
				CLANG_WARN_SUSPICIOUS_MOVE = YES;
				CLANG_WARN_UNGUARDED_AVAILABILITY = YES_AGGRESSIVE;
				CLANG_WARN_UNREACHABLE_CODE = YES;
				CLANG_WARN__DUPLICATE_METHOD_MATCH = YES;
				COPY_PHASE_STRIP = NO;
				DEBUG_INFORMATION_FORMAT = "dwarf-with-dsym";
				ENABLE_NS_ASSERTIONS = NO;
				ENABLE_STRICT_OBJC_MSGSEND = YES;
				GCC_C_LANGUAGE_STANDARD = gnu11;
				GCC_NO_COMMON_BLOCKS = YES;
				GCC_WARN_64_TO_32_BIT_CONVERSION = YES;
				GCC_WARN_ABOUT_RETURN_TYPE = YES_ERROR;
				GCC_WARN_UNDECLARED_SELECTOR = YES;
				GCC_WARN_UNINITIALIZED_AUTOS = YES_AGGRESSIVE;
				GCC_WARN_UNUSED_FUNCTION = YES;
				GCC_WARN_UNUSED_VARIABLE = YES;
				IPHONEOS_DEPLOYMENT_TARGET = 14.5;
				MTL_ENABLE_DEBUG_INFO = NO;
				MTL_FAST_MATH = YES;
				SDKROOT = iphoneos;
				SWIFT_COMPILATION_MODE = wholemodule;
				SWIFT_OPTIMIZATION_LEVEL = "-O";
				VALIDATE_PRODUCT = YES;
			};
			name = Release;
		};
		BCFA209C26E9C9A900106416 /* Debug */ = {
			isa = XCBuildConfiguration;
			buildSettings = {
				ASSETCATALOG_COMPILER_APPICON_NAME = AppIcon;
				ASSETCATALOG_COMPILER_GLOBAL_ACCENT_COLOR_NAME = AccentColor;
				CODE_SIGN_STYLE = Automatic;
				DEVELOPMENT_TEAM = 5S8HZ77935;
				INFOPLIST_FILE = login_page_8/Info.plist;
				LD_RUNPATH_SEARCH_PATHS = (
					"$(inherited)",
					"@executable_path/Frameworks",
				);
				PRODUCT_BUNDLE_IDENTIFIER = "robin.login-page-8";
				PRODUCT_NAME = "$(TARGET_NAME)";
				SWIFT_VERSION = 5.0;
				TARGETED_DEVICE_FAMILY = "1,2";
			};
			name = Debug;
		};
		BCFA209D26E9C9A900106416 /* Release */ = {
			isa = XCBuildConfiguration;
			buildSettings = {
				ASSETCATALOG_COMPILER_APPICON_NAME = AppIcon;
				ASSETCATALOG_COMPILER_GLOBAL_ACCENT_COLOR_NAME = AccentColor;
				CODE_SIGN_STYLE = Automatic;
				DEVELOPMENT_TEAM = 5S8HZ77935;
				INFOPLIST_FILE = login_page_8/Info.plist;
				LD_RUNPATH_SEARCH_PATHS = (
					"$(inherited)",
					"@executable_path/Frameworks",
				);
				PRODUCT_BUNDLE_IDENTIFIER = "robin.login-page-8";
				PRODUCT_NAME = "$(TARGET_NAME)";
				SWIFT_VERSION = 5.0;
				TARGETED_DEVICE_FAMILY = "1,2";
			};
			name = Release;
		};
/* End XCBuildConfiguration section */

/* Begin XCConfigurationList section */
		BCFA208226E9C9A800106416 /* Build configuration list for PBXProject "login_page_8" */ = {
			isa = XCConfigurationList;
			buildConfigurations = (
				BCFA209926E9C9A900106416 /* Debug */,
				BCFA209A26E9C9A900106416 /* Release */,
			);
			defaultConfigurationIsVisible = 0;
			defaultConfigurationName = Release;
		};
		BCFA209B26E9C9A900106416 /* Build configuration list for PBXNativeTarget "login_page_8" */ = {
			isa = XCConfigurationList;
			buildConfigurations = (
				BCFA209C26E9C9A900106416 /* Debug */,
				BCFA209D26E9C9A900106416 /* Release */,
			);
			defaultConfigurationIsVisible = 0;
			defaultConfigurationName = Release;
		};
/* End XCConfigurationList section */
	};
	rootObject = BCFA207F26E9C9A800106416 /* Project object */;
}
